{
    "_readme": [
        "This file locks the dependencies of your project to a known state",
        "Read more about it at https://getcomposer.org/doc/01-basic-usage.md#composer-lock-the-lock-file",
        "This file is @generated automatically"
    ],
    "hash": "344767e780dce8a0e067adc2db6e6f6e",
    "content-hash": "439372839c70e073bb79d40d31a1c418",
    "packages": [
        {
            "name": "composer/installers",
            "version": "v1.0.23",
            "source": {
                "type": "git",
                "url": "https://github.com/composer/installers.git",
                "reference": "6213d900e92647831f7a406d5c530ea1f3d4360e"
            },
            "dist": {
                "type": "zip",
                "url": "https://api.github.com/repos/composer/installers/zipball/6213d900e92647831f7a406d5c530ea1f3d4360e",
                "reference": "6213d900e92647831f7a406d5c530ea1f3d4360e",
                "shasum": ""
            },
            "require": {
                "composer-plugin-api": "^1.0"
            },
            "replace": {
                "roundcube/plugin-installer": "*",
                "shama/baton": "*"
            },
            "require-dev": {
                "composer/composer": "1.0.*@dev",
                "phpunit/phpunit": "4.1.*"
            },
            "type": "composer-plugin",
            "extra": {
                "class": "Composer\\Installers\\Plugin",
                "branch-alias": {
                    "dev-master": "1.0-dev"
                }
            },
            "autoload": {
                "psr-0": {
                    "Composer\\Installers\\": "src/"
                }
            },
            "notification-url": "https://packagist.org/downloads/",
            "license": [
                "MIT"
            ],
            "authors": [
                {
                    "name": "Kyle Robinson Young",
                    "email": "kyle@dontkry.com",
                    "homepage": "https://github.com/shama"
                }
            ],
            "description": "A multi-framework Composer library installer",
            "homepage": "http://composer.github.com/installers/",
            "keywords": [
                "Craft",
                "Dolibarr",
                "Hurad",
                "MODX Evo",
                "OXID",
                "SMF",
                "Thelia",
                "WolfCMS",
                "agl",
                "aimeos",
                "annotatecms",
                "bitrix",
                "cakephp",
                "chef",
                "codeigniter",
                "concrete5",
                "croogo",
                "dokuwiki",
                "drupal",
                "elgg",
                "fuelphp",
                "grav",
                "installer",
                "joomla",
                "kohana",
                "laravel",
                "lithium",
                "magento",
                "mako",
                "mediawiki",
                "modulework",
                "moodle",
                "phpbb",
                "piwik",
                "ppi",
                "puppet",
                "roundcube",
                "shopware",
                "silverstripe",
                "symfony",
                "typo3",
                "wordpress",
                "zend",
                "zikula"
            ],
            "time": "2016-01-27 12:54:22"
        },
        {
            "name": "psycle-wordpress-plugins/mail-options",
            "version": "1.0.13",
            "source": {
                "type": "git",
                "url": "https://github.com/Psycle/wordpress-plugin-mail-options.git",
                "reference": "dbe2f64e70fc6a90819c0c796cbe0b2426493da0"
            },
            "dist": {
                "type": "zip",
                "url": "https://api.github.com/repos/Psycle/wordpress-plugin-mail-options/zipball/dbe2f64e70fc6a90819c0c796cbe0b2426493da0",
                "reference": "dbe2f64e70fc6a90819c0c796cbe0b2426493da0",
                "shasum": ""
            },
            "require": {
                "php": ">=5.3.0"
            },
            "type": "wordpress-muplugin",
            "notification-url": "https://packagist.org/downloads/",
            "time": "2015-10-19 15:02:25"
        },
        {
            "name": "psycle-wordpress-plugins/psycle-pii-scrub",
            "version": "2.0.3",
            "source": {
                "type": "git",
                "url": "https://github.com/Psycle/psycle-pii-scrub.git",
                "reference": "ad1b8542bee4a3457564f9d283525ff0280172ce"
            },
            "dist": {
                "type": "zip",
                "url": "https://api.github.com/repos/Psycle/psycle-pii-scrub/zipball/ad1b8542bee4a3457564f9d283525ff0280172ce",
                "reference": "ad1b8542bee4a3457564f9d283525ff0280172ce",
                "shasum": ""
            },
            "require": {
                "php": ">=5.3.0"
            },
            "type": "wordpress-muplugin",
            "notification-url": "https://packagist.org/downloads/",
            "authors": [
                {
                    "name": "Psycle Interactive",
                    "email": "wordpress@psycle.com"
                }
            ],
            "description": "WP_CLI command to scrub PII data from a WordPress database. Calling 'wp pii-scrub' will automatically detect major plugins (BuddyPress, WooCommerce) and scrub/replace any PII (personal information) so that a database compromise doesn't cause issues. Additional custom meta data to check/scrub can be defined at runtime.",
            "time": "2016-04-05 10:35:07"
        },
        {
            "name": "psycle-wordpress/wordpress",
            "version": "1.1.2",
            "source": {
                "type": "git",
                "url": "https://gitlab.psycle.com/psycle-wordpress/wordpress.git",
                "reference": "80ad5d33dcb982a5a2f437b5c9fc94e71d195492"
            },
            "require": {
                "psycle-wordpress-plugins/mail-options": "@stable",
                "psycle-wordpress-plugins/psycle-pii-scrub": "@stable",
                "psycle-wordpress/wordpress-core-installer": "@stable",
                "wordpress/wordpress": "*"
            },
            "type": "package",
            "extra": {
                "wordpress-install-dir": {
                    "wordpress/wordpress": "wp",
                    "psycle/wordpress": "wp"
                },
                "installer-paths": {
                    "custom/mu-plugins/{$name}": [
                        "type:wordpress-muplugin"
                    ],
                    "custom/plugins/{$name}/": [
                        "type:wordpress-plugin"
                    ],
                    "custom/themes/{$name}/": [
                        "type:wordpress-theme"
                    ]
                }
            },
            "authors": [
                {
                    "name": "Jim Robinson",
                    "email": "james.robinson@psycle.com"
                },
                {
                    "name": "David Page",
                    "email": "david.page@psycle.com"
                }
            ],
            "description": "Package to build WordPress with Composer installation plugin",
            "time": "2016-04-05 11:23:32"
        },
        {
            "name": "psycle-wordpress/wordpress-core-installer",
            "version": "1.0.6",
            "source": {
                "type": "git",
                "url": "https://gitlab.psycle.com/psycle-wordpress/wordpress-core-installer.git",
                "reference": "97aeff79f6e2d29aae8c8c6b0b92298c57cd5551"
            },
            "require": {
                "composer-plugin-api": "^1.0"
            },
            "conflict": {
                "composer/installers": "<1.0.6"
            },
            "require-dev": {
                "composer/composer": "1.0.*@dev"
            },
            "type": "composer-plugin",
            "extra": {
                "class": "psycle\\Composer\\WordPressCorePlugin"
            },
            "autoload": {
                "psr-0": {
                    "psycle\\Composer\\": "src/"
                }
            },
            "license": [
                "GPL-2.0+"
            ],
            "authors": [
                {
                    "name": "John P. Bloch",
                    "email": "me@johnpbloch.com"
                },
                {
                    "name": "James Robinson",
                    "email": "james.robinson@psycle.com"
                }
            ],
            "description": "A custom installer to handle deploying WordPress with composer",
            "keywords": [
                "wordpress"
            ],
            "time": "2015-08-06 14:53:23"
        },
        {
            "name": "wordpress/wordpress",
            "version": "4.4.2",
            "source": {
                "type": "git",
                "url": "https://github.com/WordPress/WordPress.git",
                "reference": "4.4.2"
            },
            "type": "wordpress-core"
        },
        {
            "name": "wpackagist-plugin/w3-total-cache",
            "version": "0.9.4.1",
            "source": {
                "type": "svn",
                "url": "https://plugins.svn.wordpress.org/w3-total-cache/",
                "reference": "tags/0.9.4.1"
            },
            "dist": {
                "type": "zip",
                "url": "https://downloads.wordpress.org/plugin/w3-total-cache.0.9.4.1.zip",
                "reference": null,
                "shasum": null
            },
            "require": {
                "composer/installers": "~1.0"
            },
            "type": "wordpress-plugin",
            "homepage": "https://wordpress.org/plugins/w3-total-cache/"
        },
        {
            "name": "wpackagist-plugin/wp-front-end-editor",
            "version": "1.1.0",
            "source": {
                "type": "svn",
                "url": "https://plugins.svn.wordpress.org/wp-front-end-editor/",
                "reference": "tags/1.1.0"
            },
            "dist": {
                "type": "zip",
                "url": "https://downloads.wordpress.org/plugin/wp-front-end-editor.1.1.0.zip",
                "reference": null,
                "shasum": null
            },
            "require": {
                "composer/installers": "~1.0"
            },
            "type": "wordpress-plugin",
            "homepage": "https://wordpress.org/plugins/wp-front-end-editor/"
        }
    ],
    "packages-dev": [],
    "aliases": [],
    "minimum-stability": "stable",
    "stability-flags": [],
    "prefer-stable": true,
    "prefer-lowest": false,
    "platform": [],
    "platform-dev": []
}
